
Microsoft Visual Studio Solution File, Format Version 12.00
# Visual Studio Version 17
VisualStudioVersion = 17.2.32602.215
MinimumVisualStudioVersion = 10.0.40219.1
Project("{FAE04EC0-301F-11D3-BF4B-00C04F79EFBC}") = "Minimercado", "Minimercado\Minimercado.csproj", "{3973F32C-FC4A-44B4-A9D9-43C8535C33CE}"
EndProject
Project("{FAE04EC0-301F-11D3-BF4B-00C04F79EFBC}") = "Users", "Users\Users.csproj", "{F8B08D44-AAEF-4207-BFEC-108E4D20E2B9}"
EndProject
Project("{FAE04EC0-301F-11D3-BF4B-00C04F79EFBC}") = "Conexion", "Conexion\Conexion.csproj", "{B533EC88-1B4D-4532-8974-8B95A6AB3335}"
EndProject
Project("{FAE04EC0-301F-11D3-BF4B-00C04F79EFBC}") = "Rubros", "Rubros\Rubros.csproj", "{8A491EBE-7441-431A-84BD-BEF59AAC16EB}"
EndProject
Project("{FAE04EC0-301F-11D3-BF4B-00C04F79EFBC}") = "Vendedor", "Vendedor\Vendedor.csproj", "{4E4377D2-0F0F-4EFE-994F-BA101C47BB45}"
EndProject
Project("{FAE04EC0-301F-11D3-BF4B-00C04F79EFBC}") = "Localidad", "Localidad\Localidad.csproj", "{C7C9184C-21C9-43EA-8475-3BD7680BADFD}"
EndProject
Project("{FAE04EC0-301F-11D3-BF4B-00C04F79EFBC}") = "Cliente", "Cliente\Cliente.csproj", "{EEC649A4-A5D6-408C-AAA1-C94B7FDDA741}"
EndProject
Project("{FAE04EC0-301F-11D3-BF4B-00C04F79EFBC}") = "Lista", "Lista\Lista.csproj", "{EA8FBC22-5C4A-42BF-9C10-F94361F46B6F}"
EndProject
Project("{FAE04EC0-301F-11D3-BF4B-00C04F79EFBC}") = "Articulo", "Articulo\Articulo.csproj", "{38D412F3-6FF2-4F09-B7DB-F527714CE991}"
EndProject
Project("{FAE04EC0-301F-11D3-BF4B-00C04F79EFBC}") = "Movimiento", "Movimiento\Movimiento.csproj", "{2FA2E75C-0833-45A2-89FC-37EFACB9F1E8}"
EndProject
Project("{FAE04EC0-301F-11D3-BF4B-00C04F79EFBC}") = "Stock", "Stock\Stock.csproj", "{F20D596F-9C6C-48B4-8FCE-4D0E1BC496F7}"
EndProject
Project("{FAE04EC0-301F-11D3-BF4B-00C04F79EFBC}") = "CuentaCorriente", "CuentaCorriente\CuentaCorriente.csproj", "{C2E9E722-B129-4A4F-88A9-DF6A439057AE}"
EndProject
Project("{FAE04EC0-301F-11D3-BF4B-00C04F79EFBC}") = "Ventas", "Ventas\Ventas.csproj", "{FF54AAC5-9ABA-406B-80C1-2FFFB08A38BB}"
EndProject
Project("{FAE04EC0-301F-11D3-BF4B-00C04F79EFBC}") = "Compras", "Compras\Compras.csproj", "{75186584-1FAA-4CF3-8186-4BF9B1FA29E2}"
EndProject
Project("{FAE04EC0-301F-11D3-BF4B-00C04F79EFBC}") = "Logger", "Logger\Logger.csproj", "{8C5A6DD4-54DB-44DF-9520-583C2440C12C}"
EndProject
Project("{FAE04EC0-301F-11D3-BF4B-00C04F79EFBC}") = "Core", "Core\Core.csproj", "{FD81DB18-2B83-4202-94ED-278D86051A97}"
EndProject
Project("{FAE04EC0-301F-11D3-BF4B-00C04F79EFBC}") = "Service", "Service\Service.csproj", "{054858E1-549C-4BB5-AC5C-5332E4C86B5F}"
EndProject
Project("{FAE04EC0-301F-11D3-BF4B-00C04F79EFBC}") = "Proveedor", "Proveedor\Proveedor.csproj", "{6BEE0A1C-D69F-41FC-BA52-80B9BD5E5601}"
EndProject
Project("{FAE04EC0-301F-11D3-BF4B-00C04F79EFBC}") = "Caja", "Caja\Caja.csproj", "{FE52B4A8-C692-4DC4-95D5-D71AA26C1F45}"
EndProject
Project("{FAE04EC0-301F-11D3-BF4B-00C04F79EFBC}") = "FacturaElectronica", "FacturaElectronica\FacturaElectronica.csproj", "{61526176-C78F-4E69-8097-77F4A1FF3566}"
EndProject
Project("{FAE04EC0-301F-11D3-BF4B-00C04F79EFBC}") = "AFIP", "AFIP\AFIP.csproj", "{10772553-040D-412F-9E4B-AD2F3B0E5518}"
EndProject
Project("{FAE04EC0-301F-11D3-BF4B-00C04F79EFBC}") = "Marcas", "Marcas\Marcas.csproj", "{FCB79443-689A-4484-9759-5809D60CF095}"
EndProject
Global
	GlobalSection(SolutionConfigurationPlatforms) = preSolution
		Debug|Any CPU = Debug|Any CPU
		Release|Any CPU = Release|Any CPU
	EndGlobalSection
	GlobalSection(ProjectConfigurationPlatforms) = postSolution
		{3973F32C-FC4A-44B4-A9D9-43C8535C33CE}.Debug|Any CPU.ActiveCfg = Debug|Any CPU
		{3973F32C-FC4A-44B4-A9D9-43C8535C33CE}.Debug|Any CPU.Build.0 = Debug|Any CPU
		{3973F32C-FC4A-44B4-A9D9-43C8535C33CE}.Release|Any CPU.ActiveCfg = Release|Any CPU
		{3973F32C-FC4A-44B4-A9D9-43C8535C33CE}.Release|Any CPU.Build.0 = Release|Any CPU
		{F8B08D44-AAEF-4207-BFEC-108E4D20E2B9}.Debug|Any CPU.ActiveCfg = Debug|Any CPU
		{F8B08D44-AAEF-4207-BFEC-108E4D20E2B9}.Debug|Any CPU.Build.0 = Debug|Any CPU
		{F8B08D44-AAEF-4207-BFEC-108E4D20E2B9}.Release|Any CPU.ActiveCfg = Release|Any CPU
		{F8B08D44-AAEF-4207-BFEC-108E4D20E2B9}.Release|Any CPU.Build.0 = Release|Any CPU
		{B533EC88-1B4D-4532-8974-8B95A6AB3335}.Debug|Any CPU.ActiveCfg = Debug|Any CPU
		{B533EC88-1B4D-4532-8974-8B95A6AB3335}.Debug|Any CPU.Build.0 = Debug|Any CPU
		{B533EC88-1B4D-4532-8974-8B95A6AB3335}.Release|Any CPU.ActiveCfg = Release|Any CPU
		{B533EC88-1B4D-4532-8974-8B95A6AB3335}.Release|Any CPU.Build.0 = Release|Any CPU
		{8A491EBE-7441-431A-84BD-BEF59AAC16EB}.Debug|Any CPU.ActiveCfg = Debug|Any CPU
		{8A491EBE-7441-431A-84BD-BEF59AAC16EB}.Debug|Any CPU.Build.0 = Debug|Any CPU
		{8A491EBE-7441-431A-84BD-BEF59AAC16EB}.Release|Any CPU.ActiveCfg = Release|Any CPU
		{8A491EBE-7441-431A-84BD-BEF59AAC16EB}.Release|Any CPU.Build.0 = Release|Any CPU
		{4E4377D2-0F0F-4EFE-994F-BA101C47BB45}.Debug|Any CPU.ActiveCfg = Debug|Any CPU
		{4E4377D2-0F0F-4EFE-994F-BA101C47BB45}.Debug|Any CPU.Build.0 = Debug|Any CPU
		{4E4377D2-0F0F-4EFE-994F-BA101C47BB45}.Release|Any CPU.ActiveCfg = Release|Any CPU
		{4E4377D2-0F0F-4EFE-994F-BA101C47BB45}.Release|Any CPU.Build.0 = Release|Any CPU
		{C7C9184C-21C9-43EA-8475-3BD7680BADFD}.Debug|Any CPU.ActiveCfg = Debug|Any CPU
		{C7C9184C-21C9-43EA-8475-3BD7680BADFD}.Debug|Any CPU.Build.0 = Debug|Any CPU
		{C7C9184C-21C9-43EA-8475-3BD7680BADFD}.Release|Any CPU.ActiveCfg = Release|Any CPU
		{C7C9184C-21C9-43EA-8475-3BD7680BADFD}.Release|Any CPU.Build.0 = Release|Any CPU
		{EEC649A4-A5D6-408C-AAA1-C94B7FDDA741}.Debug|Any CPU.ActiveCfg = Debug|Any CPU
		{EEC649A4-A5D6-408C-AAA1-C94B7FDDA741}.Debug|Any CPU.Build.0 = Debug|Any CPU
		{EEC649A4-A5D6-408C-AAA1-C94B7FDDA741}.Release|Any CPU.ActiveCfg = Release|Any CPU
		{EEC649A4-A5D6-408C-AAA1-C94B7FDDA741}.Release|Any CPU.Build.0 = Release|Any CPU
		{EA8FBC22-5C4A-42BF-9C10-F94361F46B6F}.Debug|Any CPU.ActiveCfg = Debug|Any CPU
		{EA8FBC22-5C4A-42BF-9C10-F94361F46B6F}.Debug|Any CPU.Build.0 = Debug|Any CPU
		{EA8FBC22-5C4A-42BF-9C10-F94361F46B6F}.Release|Any CPU.ActiveCfg = Release|Any CPU
		{EA8FBC22-5C4A-42BF-9C10-F94361F46B6F}.Release|Any CPU.Build.0 = Release|Any CPU
		{38D412F3-6FF2-4F09-B7DB-F527714CE991}.Debug|Any CPU.ActiveCfg = Debug|Any CPU
		{38D412F3-6FF2-4F09-B7DB-F527714CE991}.Debug|Any CPU.Build.0 = Debug|Any CPU
		{38D412F3-6FF2-4F09-B7DB-F527714CE991}.Release|Any CPU.ActiveCfg = Release|Any CPU
		{38D412F3-6FF2-4F09-B7DB-F527714CE991}.Release|Any CPU.Build.0 = Release|Any CPU
		{2FA2E75C-0833-45A2-89FC-37EFACB9F1E8}.Debug|Any CPU.ActiveCfg = Debug|Any CPU
		{2FA2E75C-0833-45A2-89FC-37EFACB9F1E8}.Debug|Any CPU.Build.0 = Debug|Any CPU
		{2FA2E75C-0833-45A2-89FC-37EFACB9F1E8}.Release|Any CPU.ActiveCfg = Release|Any CPU
		{2FA2E75C-0833-45A2-89FC-37EFACB9F1E8}.Release|Any CPU.Build.0 = Release|Any CPU
		{F20D596F-9C6C-48B4-8FCE-4D0E1BC496F7}.Debug|Any CPU.ActiveCfg = Debug|Any CPU
		{F20D596F-9C6C-48B4-8FCE-4D0E1BC496F7}.Debug|Any CPU.Build.0 = Debug|Any CPU
		{F20D596F-9C6C-48B4-8FCE-4D0E1BC496F7}.Release|Any CPU.ActiveCfg = Release|Any CPU
		{F20D596F-9C6C-48B4-8FCE-4D0E1BC496F7}.Release|Any CPU.Build.0 = Release|Any CPU
		{C2E9E722-B129-4A4F-88A9-DF6A439057AE}.Debug|Any CPU.ActiveCfg = Debug|Any CPU
		{C2E9E722-B129-4A4F-88A9-DF6A439057AE}.Debug|Any CPU.Build.0 = Debug|Any CPU
		{C2E9E722-B129-4A4F-88A9-DF6A439057AE}.Release|Any CPU.ActiveCfg = Release|Any CPU
		{C2E9E722-B129-4A4F-88A9-DF6A439057AE}.Release|Any CPU.Build.0 = Release|Any CPU
		{FF54AAC5-9ABA-406B-80C1-2FFFB08A38BB}.Debug|Any CPU.ActiveCfg = Debug|Any CPU
		{FF54AAC5-9ABA-406B-80C1-2FFFB08A38BB}.Debug|Any CPU.Build.0 = Debug|Any CPU
		{FF54AAC5-9ABA-406B-80C1-2FFFB08A38BB}.Release|Any CPU.ActiveCfg = Release|Any CPU
		{FF54AAC5-9ABA-406B-80C1-2FFFB08A38BB}.Release|Any CPU.Build.0 = Release|Any CPU
		{75186584-1FAA-4CF3-8186-4BF9B1FA29E2}.Debug|Any CPU.ActiveCfg = Debug|Any CPU
		{75186584-1FAA-4CF3-8186-4BF9B1FA29E2}.Debug|Any CPU.Build.0 = Debug|Any CPU
		{75186584-1FAA-4CF3-8186-4BF9B1FA29E2}.Release|Any CPU.ActiveCfg = Release|Any CPU
		{75186584-1FAA-4CF3-8186-4BF9B1FA29E2}.Release|Any CPU.Build.0 = Release|Any CPU
		{8C5A6DD4-54DB-44DF-9520-583C2440C12C}.Debug|Any CPU.ActiveCfg = Debug|Any CPU
		{8C5A6DD4-54DB-44DF-9520-583C2440C12C}.Debug|Any CPU.Build.0 = Debug|Any CPU
		{8C5A6DD4-54DB-44DF-9520-583C2440C12C}.Release|Any CPU.ActiveCfg = Release|Any CPU
		{8C5A6DD4-54DB-44DF-9520-583C2440C12C}.Release|Any CPU.Build.0 = Release|Any CPU
		{FD81DB18-2B83-4202-94ED-278D86051A97}.Debug|Any CPU.ActiveCfg = Debug|Any CPU
		{FD81DB18-2B83-4202-94ED-278D86051A97}.Debug|Any CPU.Build.0 = Debug|Any CPU
		{FD81DB18-2B83-4202-94ED-278D86051A97}.Release|Any CPU.ActiveCfg = Release|Any CPU
		{FD81DB18-2B83-4202-94ED-278D86051A97}.Release|Any CPU.Build.0 = Release|Any CPU
		{054858E1-549C-4BB5-AC5C-5332E4C86B5F}.Debug|Any CPU.ActiveCfg = Debug|Any CPU
		{054858E1-549C-4BB5-AC5C-5332E4C86B5F}.Debug|Any CPU.Build.0 = Debug|Any CPU
		{054858E1-549C-4BB5-AC5C-5332E4C86B5F}.Release|Any CPU.ActiveCfg = Release|Any CPU
		{054858E1-549C-4BB5-AC5C-5332E4C86B5F}.Release|Any CPU.Build.0 = Release|Any CPU
		{6BEE0A1C-D69F-41FC-BA52-80B9BD5E5601}.Debug|Any CPU.ActiveCfg = Debug|Any CPU
		{6BEE0A1C-D69F-41FC-BA52-80B9BD5E5601}.Debug|Any CPU.Build.0 = Debug|Any CPU
		{6BEE0A1C-D69F-41FC-BA52-80B9BD5E5601}.Release|Any CPU.ActiveCfg = Release|Any CPU
		{6BEE0A1C-D69F-41FC-BA52-80B9BD5E5601}.Release|Any CPU.Build.0 = Release|Any CPU
		{FE52B4A8-C692-4DC4-95D5-D71AA26C1F45}.Debug|Any CPU.ActiveCfg = Debug|Any CPU
		{FE52B4A8-C692-4DC4-95D5-D71AA26C1F45}.Debug|Any CPU.Build.0 = Debug|Any CPU
		{FE52B4A8-C692-4DC4-95D5-D71AA26C1F45}.Release|Any CPU.ActiveCfg = Release|Any CPU
		{FE52B4A8-C692-4DC4-95D5-D71AA26C1F45}.Release|Any CPU.Build.0 = Release|Any CPU
		{61526176-C78F-4E69-8097-77F4A1FF3566}.Debug|Any CPU.ActiveCfg = Debug|Any CPU
		{61526176-C78F-4E69-8097-77F4A1FF3566}.Debug|Any CPU.Build.0 = Debug|Any CPU
		{61526176-C78F-4E69-8097-77F4A1FF3566}.Release|Any CPU.ActiveCfg = Release|Any CPU
		{61526176-C78F-4E69-8097-77F4A1FF3566}.Release|Any CPU.Build.0 = Release|Any CPU
		{10772553-040D-412F-9E4B-AD2F3B0E5518}.Debug|Any CPU.ActiveCfg = Debug|Any CPU
		{10772553-040D-412F-9E4B-AD2F3B0E5518}.Debug|Any CPU.Build.0 = Debug|Any CPU
		{10772553-040D-412F-9E4B-AD2F3B0E5518}.Release|Any CPU.ActiveCfg = Release|Any CPU
		{10772553-040D-412F-9E4B-AD2F3B0E5518}.Release|Any CPU.Build.0 = Release|Any CPU
		{FCB79443-689A-4484-9759-5809D60CF095}.Debug|Any CPU.ActiveCfg = Debug|Any CPU
		{FCB79443-689A-4484-9759-5809D60CF095}.Debug|Any CPU.Build.0 = Debug|Any CPU
		{FCB79443-689A-4484-9759-5809D60CF095}.Release|Any CPU.ActiveCfg = Release|Any CPU
		{FCB79443-689A-4484-9759-5809D60CF095}.Release|Any CPU.Build.0 = Release|Any CPU
	EndGlobalSection
	GlobalSection(SolutionProperties) = preSolution
		HideSolutionNode = FALSE
	EndGlobalSection
	GlobalSection(ExtensibilityGlobals) = postSolution
		SolutionGuid = {0A81BDAE-D1F7-4627-A3D6-E30FD26CAEA3}
	EndGlobalSection
EndGlobal
